
Microsoft Visual Studio Solution File, Format Version 12.00
# Visual Studio Version 17
VisualStudioVersion = 17.6.33712.159
MinimumVisualStudioVersion = 10.0.40219.1
Project("{FAE04EC0-301F-11D3-BF4B-00C04F79EFBC}") = "Identity.WebApp", "Identity.WebApp\Identity.WebApp.csproj", "{EE58B3BF-0973-475E-A46E-D6B5FC34815B}"
EndProject
Global
	GlobalSection(SolutionConfigurationPlatforms) = preSolution
		Debug|Any CPU = Debug|Any CPU
		Release|Any CPU = Release|Any CPU
	EndGlobalSection
	GlobalSection(ProjectConfigurationPlatforms) = postSolution
		{EE58B3BF-0973-475E-A46E-D6B5FC34815B}.Debug|Any CPU.ActiveCfg = Debug|Any CPU
		{EE58B3BF-0973-475E-A46E-D6B5FC34815B}.Debug|Any CPU.Build.0 = Debug|Any CPU
		{EE58B3BF-0973-475E-A46E-D6B5FC34815B}.Release|Any CPU.ActiveCfg = Release|Any CPU
		{EE58B3BF-0973-475E-A46E-D6B5FC34815B}.Release|Any CPU.Build.0 = Release|Any CPU
	EndGlobalSection
	GlobalSection(SolutionProperties) = preSolution
		HideSolutionNode = FALSE
	EndGlobalSection
	GlobalSection(ExtensibilityGlobals) = postSolution
		SolutionGuid = {60975C0B-C2C8-4F35-956D-0DED67C7C49B}
	EndGlobalSection
EndGlobal
